
Microsoft Visual Studio Solution File, Format Version 12.00
# Visual Studio Version 17
VisualStudioVersion = 17.14.36705.20
MinimumVisualStudioVersion = 10.0.40219.1
Project("{FAE04EC0-301F-11D3-BF4B-00C04F79EFBC}") = "BTTH3_Bai1", "BTTH3_Bai1\BTTH3_Bai1.csproj", "{F7BBB990-6BE3-4455-8ECC-A8FF47FDB18E}"
EndProject
Project("{FAE04EC0-301F-11D3-BF4B-00C04F79EFBC}") = "BTTH3_Bai2", "BTTH3_Bai2\BTTH3_Bai2.csproj", "{FE453522-6642-46A9-A584-D8C35DA37BA0}"
EndProject
Project("{FAE04EC0-301F-11D3-BF4B-00C04F79EFBC}") = "BTTH3_Bai3", "BTTH3_Bai3\BTTH3_Bai3.csproj", "{CB264154-ADB3-490A-B958-5D8B3FDD71A0}"
EndProject
Project("{FAE04EC0-301F-11D3-BF4B-00C04F79EFBC}") = "BTTH3_Bai4", "BTTH3_Bai4\BTTH3_Bai4.csproj", "{E5AD05BF-EF1B-45E4-83C9-A8B671649BA3}"
EndProject
Project("{FAE04EC0-301F-11D3-BF4B-00C04F79EFBC}") = "BTTH3_Bai5", "BTTH3_Bai5\BTTH3_Bai5.csproj", "{E8AF92F4-4560-4C3C-87B2-388AC88A486B}"
EndProject
Project("{FAE04EC0-301F-11D3-BF4B-00C04F79EFBC}") = "BTTH3_Bai6", "BTTH3_Bai6\BTTH3_Bai6.csproj", "{207FD044-C46B-4C0C-9382-F1006D897A71}"
EndProject
Project("{FAE04EC0-301F-11D3-BF4B-00C04F79EFBC}") = "BTTH3_Bai8", "BTTH3_Bai8\BTTH3_Bai8.csproj", "{9A298B72-8092-4CB4-8735-EDFC8E34F904}"
EndProject
Project("{FAE04EC0-301F-11D3-BF4B-00C04F79EFBC}") = "BTTH3_Bai9", "BTTH3_Bai9\BTTH3_Bai9.csproj", "{88F0AE6F-82EA-44B0-B2F9-FBAC17E09676}"
EndProject
Project("{FAE04EC0-301F-11D3-BF4B-00C04F79EFBC}") = "BTTH3_Bai7", "BTTH3_Bai7\BTTH3_Bai7.csproj", "{CCAEA793-C738-406A-8CE5-96E3B084057C}"
EndProject
Global
	GlobalSection(SolutionConfigurationPlatforms) = preSolution
		Debug|Any CPU = Debug|Any CPU
		Release|Any CPU = Release|Any CPU
	EndGlobalSection
	GlobalSection(ProjectConfigurationPlatforms) = postSolution
		{F7BBB990-6BE3-4455-8ECC-A8FF47FDB18E}.Debug|Any CPU.ActiveCfg = Debug|Any CPU
		{F7BBB990-6BE3-4455-8ECC-A8FF47FDB18E}.Debug|Any CPU.Build.0 = Debug|Any CPU
		{F7BBB990-6BE3-4455-8ECC-A8FF47FDB18E}.Release|Any CPU.ActiveCfg = Release|Any CPU
		{F7BBB990-6BE3-4455-8ECC-A8FF47FDB18E}.Release|Any CPU.Build.0 = Release|Any CPU
		{FE453522-6642-46A9-A584-D8C35DA37BA0}.Debug|Any CPU.ActiveCfg = Debug|Any CPU
		{FE453522-6642-46A9-A584-D8C35DA37BA0}.Debug|Any CPU.Build.0 = Debug|Any CPU
		{FE453522-6642-46A9-A584-D8C35DA37BA0}.Release|Any CPU.ActiveCfg = Release|Any CPU
		{FE453522-6642-46A9-A584-D8C35DA37BA0}.Release|Any CPU.Build.0 = Release|Any CPU
		{CB264154-ADB3-490A-B958-5D8B3FDD71A0}.Debug|Any CPU.ActiveCfg = Debug|Any CPU
		{CB264154-ADB3-490A-B958-5D8B3FDD71A0}.Debug|Any CPU.Build.0 = Debug|Any CPU
		{CB264154-ADB3-490A-B958-5D8B3FDD71A0}.Release|Any CPU.ActiveCfg = Release|Any CPU
		{CB264154-ADB3-490A-B958-5D8B3FDD71A0}.Release|Any CPU.Build.0 = Release|Any CPU
		{E5AD05BF-EF1B-45E4-83C9-A8B671649BA3}.Debug|Any CPU.ActiveCfg = Debug|Any CPU
		{E5AD05BF-EF1B-45E4-83C9-A8B671649BA3}.Debug|Any CPU.Build.0 = Debug|Any CPU
		{E5AD05BF-EF1B-45E4-83C9-A8B671649BA3}.Release|Any CPU.ActiveCfg = Release|Any CPU
		{E5AD05BF-EF1B-45E4-83C9-A8B671649BA3}.Release|Any CPU.Build.0 = Release|Any CPU
		{E8AF92F4-4560-4C3C-87B2-388AC88A486B}.Debug|Any CPU.ActiveCfg = Debug|Any CPU
		{E8AF92F4-4560-4C3C-87B2-388AC88A486B}.Debug|Any CPU.Build.0 = Debug|Any CPU
		{E8AF92F4-4560-4C3C-87B2-388AC88A486B}.Release|Any CPU.ActiveCfg = Release|Any CPU
		{E8AF92F4-4560-4C3C-87B2-388AC88A486B}.Release|Any CPU.Build.0 = Release|Any CPU
		{207FD044-C46B-4C0C-9382-F1006D897A71}.Debug|Any CPU.ActiveCfg = Debug|Any CPU
		{207FD044-C46B-4C0C-9382-F1006D897A71}.Debug|Any CPU.Build.0 = Debug|Any CPU
		{207FD044-C46B-4C0C-9382-F1006D897A71}.Release|Any CPU.ActiveCfg = Release|Any CPU
		{207FD044-C46B-4C0C-9382-F1006D897A71}.Release|Any CPU.Build.0 = Release|Any CPU
		{9A298B72-8092-4CB4-8735-EDFC8E34F904}.Debug|Any CPU.ActiveCfg = Debug|Any CPU
		{9A298B72-8092-4CB4-8735-EDFC8E34F904}.Debug|Any CPU.Build.0 = Debug|Any CPU
		{9A298B72-8092-4CB4-8735-EDFC8E34F904}.Release|Any CPU.ActiveCfg = Release|Any CPU
		{9A298B72-8092-4CB4-8735-EDFC8E34F904}.Release|Any CPU.Build.0 = Release|Any CPU
		{88F0AE6F-82EA-44B0-B2F9-FBAC17E09676}.Debug|Any CPU.ActiveCfg = Debug|Any CPU
		{88F0AE6F-82EA-44B0-B2F9-FBAC17E09676}.Debug|Any CPU.Build.0 = Debug|Any CPU
		{88F0AE6F-82EA-44B0-B2F9-FBAC17E09676}.Release|Any CPU.ActiveCfg = Release|Any CPU
		{88F0AE6F-82EA-44B0-B2F9-FBAC17E09676}.Release|Any CPU.Build.0 = Release|Any CPU
		{CCAEA793-C738-406A-8CE5-96E3B084057C}.Debug|Any CPU.ActiveCfg = Debug|Any CPU
		{CCAEA793-C738-406A-8CE5-96E3B084057C}.Debug|Any CPU.Build.0 = Debug|Any CPU
		{CCAEA793-C738-406A-8CE5-96E3B084057C}.Release|Any CPU.ActiveCfg = Release|Any CPU
		{CCAEA793-C738-406A-8CE5-96E3B084057C}.Release|Any CPU.Build.0 = Release|Any CPU
	EndGlobalSection
	GlobalSection(SolutionProperties) = preSolution
		HideSolutionNode = FALSE
	EndGlobalSection
	GlobalSection(ExtensibilityGlobals) = postSolution
		SolutionGuid = {8F9C2530-D5CB-4697-ACF8-A545EEE69600}
	EndGlobalSection
EndGlobal
